
Microsoft Visual Studio Solution File, Format Version 12.00
# Visual Studio Version 17
VisualStudioVersion = 17.5.33516.290
MinimumVisualStudioVersion = 10.0.40219.1
Project("{FAE04EC0-301F-11D3-BF4B-00C04F79EFBC}") = "ProvaEF", "ProvaEF\ProvaEF.csproj", "{D40AB40B-0A67-42BB-B226-F57B28595410}"
EndProject
Global
	GlobalSection(SolutionConfigurationPlatforms) = preSolution
		Debug|Any CPU = Debug|Any CPU
		Release|Any CPU = Release|Any CPU
	EndGlobalSection
	GlobalSection(ProjectConfigurationPlatforms) = postSolution
		{D40AB40B-0A67-42BB-B226-F57B28595410}.Debug|Any CPU.ActiveCfg = Debug|Any CPU
		{D40AB40B-0A67-42BB-B226-F57B28595410}.Debug|Any CPU.Build.0 = Debug|Any CPU
		{D40AB40B-0A67-42BB-B226-F57B28595410}.Release|Any CPU.ActiveCfg = Release|Any CPU
		{D40AB40B-0A67-42BB-B226-F57B28595410}.Release|Any CPU.Build.0 = Release|Any CPU
	EndGlobalSection
	GlobalSection(SolutionProperties) = preSolution
		HideSolutionNode = FALSE
	EndGlobalSection
	GlobalSection(ExtensibilityGlobals) = postSolution
		SolutionGuid = {BB9D9A45-3730-4884-829C-2A9EFF5755AF}
	EndGlobalSection
EndGlobal
